
Microsoft Visual Studio Solution File, Format Version 12.00
# Visual Studio Version 17
VisualStudioVersion = 17.9.34723.18
MinimumVisualStudioVersion = 10.0.40219.1
Project("{FAE04EC0-301F-11D3-BF4B-00C04F79EFBC}") = "Thiet Ke Giao Dien", "Thiet Ke Giao Dien.csproj", "{546258C0-8D1E-4AD4-955F-B0F0DA5EA85E}"
EndProject
Global
	GlobalSection(SolutionConfigurationPlatforms) = preSolution
		Debug|Any CPU = Debug|Any CPU
		Release|Any CPU = Release|Any CPU
	EndGlobalSection
	GlobalSection(ProjectConfigurationPlatforms) = postSolution
		{546258C0-8D1E-4AD4-955F-B0F0DA5EA85E}.Debug|Any CPU.ActiveCfg = Debug|Any CPU
		{546258C0-8D1E-4AD4-955F-B0F0DA5EA85E}.Debug|Any CPU.Build.0 = Debug|Any CPU
		{546258C0-8D1E-4AD4-955F-B0F0DA5EA85E}.Release|Any CPU.ActiveCfg = Release|Any CPU
		{546258C0-8D1E-4AD4-955F-B0F0DA5EA85E}.Release|Any CPU.Build.0 = Release|Any CPU
	EndGlobalSection
	GlobalSection(SolutionProperties) = preSolution
		HideSolutionNode = FALSE
	EndGlobalSection
	GlobalSection(ExtensibilityGlobals) = postSolution
		SolutionGuid = {03006A48-70B5-4877-BE1A-B4C83DE15791}
	EndGlobalSection
EndGlobal
